
Microsoft Visual Studio Solution File, Format Version 12.00
# Visual Studio 15
VisualStudioVersion = 15.0.28307.572
MinimumVisualStudioVersion = 10.0.40219.1
Project("{8BC9CEB8-8B4A-11D0-8D11-00A0C91BC942}") = "SFMLGame", "SFMLGame\SFMLGame.vcxproj", "{E59F3AD4-8F54-4F43-B65B-2B61D5C09C68}"
EndProject
Global
	GlobalSection(SolutionConfigurationPlatforms) = preSolution
		Debug|x64 = Debug|x64
		Debug|x86 = Debug|x86
		Release|x64 = Release|x64
		Release|x86 = Release|x86
	EndGlobalSection
	GlobalSection(ProjectConfigurationPlatforms) = postSolution
		{E59F3AD4-8F54-4F43-B65B-2B61D5C09C68}.Debug|x64.ActiveCfg = Debug|x64
		{E59F3AD4-8F54-4F43-B65B-2B61D5C09C68}.Debug|x64.Build.0 = Debug|x64
		{E59F3AD4-8F54-4F43-B65B-2B61D5C09C68}.Debug|x86.ActiveCfg = Debug|Win32
		{E59F3AD4-8F54-4F43-B65B-2B61D5C09C68}.Debug|x86.Build.0 = Debug|Win32
		{E59F3AD4-8F54-4F43-B65B-2B61D5C09C68}.Release|x64.ActiveCfg = Release|x64
		{E59F3AD4-8F54-4F43-B65B-2B61D5C09C68}.Release|x64.Build.0 = Release|x64
		{E59F3AD4-8F54-4F43-B65B-2B61D5C09C68}.Release|x86.ActiveCfg = Release|Win32
		{E59F3AD4-8F54-4F43-B65B-2B61D5C09C68}.Release|x86.Build.0 = Release|Win32
	EndGlobalSection
	GlobalSection(SolutionProperties) = preSolution
		HideSolutionNode = FALSE
	EndGlobalSection
	GlobalSection(ExtensibilityGlobals) = postSolution
		SolutionGuid = {EC001FDD-E694-4D80-B750-10FE7E5A9414}
	EndGlobalSection
EndGlobal
